
Microsoft Visual Studio Solution File, Format Version 12.00
# Visual Studio Version 16
VisualStudioVersion = 16.0.29324.140
MinimumVisualStudioVersion = 10.0.40219.1
Project("{FAE04EC0-301F-11D3-BF4B-00C04F79EFBC}") = "HashMapV2", "HashMapV2\HashMapV2.csproj", "{3E5DA8E7-5B1C-4047-AE53-901A0AA3A954}"
EndProject
Global
	GlobalSection(SolutionConfigurationPlatforms) = preSolution
		Debug|Any CPU = Debug|Any CPU
		Release|Any CPU = Release|Any CPU
	EndGlobalSection
	GlobalSection(ProjectConfigurationPlatforms) = postSolution
		{3E5DA8E7-5B1C-4047-AE53-901A0AA3A954}.Debug|Any CPU.ActiveCfg = Debug|Any CPU
		{3E5DA8E7-5B1C-4047-AE53-901A0AA3A954}.Debug|Any CPU.Build.0 = Debug|Any CPU
		{3E5DA8E7-5B1C-4047-AE53-901A0AA3A954}.Release|Any CPU.ActiveCfg = Release|Any CPU
		{3E5DA8E7-5B1C-4047-AE53-901A0AA3A954}.Release|Any CPU.Build.0 = Release|Any CPU
	EndGlobalSection
	GlobalSection(SolutionProperties) = preSolution
		HideSolutionNode = FALSE
	EndGlobalSection
	GlobalSection(ExtensibilityGlobals) = postSolution
		SolutionGuid = {DE5048EE-1C20-4C93-8155-9880B8FD991A}
	EndGlobalSection
EndGlobal
